
Microsoft Visual Studio Solution File, Format Version 12.00
# Visual Studio Version 17
VisualStudioVersion = 17.9.34728.123
MinimumVisualStudioVersion = 10.0.40219.1
Project("{FAE04EC0-301F-11D3-BF4B-00C04F79EFBC}") = "Lesson103", "Lesson103\Lesson103.csproj", "{193E48E4-F747-430E-9476-8797948D8EC4}"
EndProject
Global
	GlobalSection(SolutionConfigurationPlatforms) = preSolution
		Debug|Any CPU = Debug|Any CPU
		Release|Any CPU = Release|Any CPU
	EndGlobalSection
	GlobalSection(ProjectConfigurationPlatforms) = postSolution
		{193E48E4-F747-430E-9476-8797948D8EC4}.Debug|Any CPU.ActiveCfg = Debug|Any CPU
		{193E48E4-F747-430E-9476-8797948D8EC4}.Debug|Any CPU.Build.0 = Debug|Any CPU
		{193E48E4-F747-430E-9476-8797948D8EC4}.Release|Any CPU.ActiveCfg = Release|Any CPU
		{193E48E4-F747-430E-9476-8797948D8EC4}.Release|Any CPU.Build.0 = Release|Any CPU
	EndGlobalSection
	GlobalSection(SolutionProperties) = preSolution
		HideSolutionNode = FALSE
	EndGlobalSection
	GlobalSection(ExtensibilityGlobals) = postSolution
		SolutionGuid = {EA20CE7F-E7AC-420E-80F0-B997A3F6791C}
	EndGlobalSection
EndGlobal
