
Microsoft Visual Studio Solution File, Format Version 12.00
# Visual Studio Version 17
VisualStudioVersion = 17.9.34728.123
MinimumVisualStudioVersion = 10.0.40219.1
Project("{FAE04EC0-301F-11D3-BF4B-00C04F79EFBC}") = "Lesson82", "Lesson82\Lesson82.csproj", "{A8BCC200-C598-4F4B-93F7-79833495698F}"
EndProject
Global
	GlobalSection(SolutionConfigurationPlatforms) = preSolution
		Debug|Any CPU = Debug|Any CPU
		Release|Any CPU = Release|Any CPU
	EndGlobalSection
	GlobalSection(ProjectConfigurationPlatforms) = postSolution
		{A8BCC200-C598-4F4B-93F7-79833495698F}.Debug|Any CPU.ActiveCfg = Debug|Any CPU
		{A8BCC200-C598-4F4B-93F7-79833495698F}.Debug|Any CPU.Build.0 = Debug|Any CPU
		{A8BCC200-C598-4F4B-93F7-79833495698F}.Release|Any CPU.ActiveCfg = Release|Any CPU
		{A8BCC200-C598-4F4B-93F7-79833495698F}.Release|Any CPU.Build.0 = Release|Any CPU
	EndGlobalSection
	GlobalSection(SolutionProperties) = preSolution
		HideSolutionNode = FALSE
	EndGlobalSection
	GlobalSection(ExtensibilityGlobals) = postSolution
		SolutionGuid = {571F4754-9050-453B-A3BD-BED4A89E576E}
	EndGlobalSection
EndGlobal
