
Microsoft Visual Studio Solution File, Format Version 12.00
# Visual Studio Version 17
VisualStudioVersion = 17.9.34728.123
MinimumVisualStudioVersion = 10.0.40219.1
Project("{FAE04EC0-301F-11D3-BF4B-00C04F79EFBC}") = "Lesson67", "Lesson67\Lesson67.csproj", "{8D14033E-2ED6-44A7-BC16-8FFCBA5BBCDE}"
EndProject
Global
	GlobalSection(SolutionConfigurationPlatforms) = preSolution
		Debug|Any CPU = Debug|Any CPU
		Release|Any CPU = Release|Any CPU
	EndGlobalSection
	GlobalSection(ProjectConfigurationPlatforms) = postSolution
		{8D14033E-2ED6-44A7-BC16-8FFCBA5BBCDE}.Debug|Any CPU.ActiveCfg = Debug|Any CPU
		{8D14033E-2ED6-44A7-BC16-8FFCBA5BBCDE}.Debug|Any CPU.Build.0 = Debug|Any CPU
		{8D14033E-2ED6-44A7-BC16-8FFCBA5BBCDE}.Release|Any CPU.ActiveCfg = Release|Any CPU
		{8D14033E-2ED6-44A7-BC16-8FFCBA5BBCDE}.Release|Any CPU.Build.0 = Release|Any CPU
	EndGlobalSection
	GlobalSection(SolutionProperties) = preSolution
		HideSolutionNode = FALSE
	EndGlobalSection
	GlobalSection(ExtensibilityGlobals) = postSolution
		SolutionGuid = {27F0BDDF-1376-410D-A8E7-E906B1BCFC9E}
	EndGlobalSection
EndGlobal
