
Microsoft Visual Studio Solution File, Format Version 12.00
# Visual Studio Version 17
VisualStudioVersion = 17.9.34728.123
MinimumVisualStudioVersion = 10.0.40219.1
Project("{FAE04EC0-301F-11D3-BF4B-00C04F79EFBC}") = "Lesson65", "Lesson65\Lesson65.csproj", "{77FFA60A-45ED-4BFC-8B3F-88D3F5F3AD0D}"
EndProject
Global
	GlobalSection(SolutionConfigurationPlatforms) = preSolution
		Debug|Any CPU = Debug|Any CPU
		Release|Any CPU = Release|Any CPU
	EndGlobalSection
	GlobalSection(ProjectConfigurationPlatforms) = postSolution
		{77FFA60A-45ED-4BFC-8B3F-88D3F5F3AD0D}.Debug|Any CPU.ActiveCfg = Debug|Any CPU
		{77FFA60A-45ED-4BFC-8B3F-88D3F5F3AD0D}.Debug|Any CPU.Build.0 = Debug|Any CPU
		{77FFA60A-45ED-4BFC-8B3F-88D3F5F3AD0D}.Release|Any CPU.ActiveCfg = Release|Any CPU
		{77FFA60A-45ED-4BFC-8B3F-88D3F5F3AD0D}.Release|Any CPU.Build.0 = Release|Any CPU
	EndGlobalSection
	GlobalSection(SolutionProperties) = preSolution
		HideSolutionNode = FALSE
	EndGlobalSection
	GlobalSection(ExtensibilityGlobals) = postSolution
		SolutionGuid = {A3CBF890-5607-4938-B74C-9009936F5529}
	EndGlobalSection
EndGlobal
