
Microsoft Visual Studio Solution File, Format Version 12.00
# Visual Studio Version 17
VisualStudioVersion = 17.9.34728.123
MinimumVisualStudioVersion = 10.0.40219.1
Project("{FAE04EC0-301F-11D3-BF4B-00C04F79EFBC}") = "EX2", "EX2\EX2.csproj", "{F18696A3-F9C3-421F-A8CB-8ECB5A95DF66}"
EndProject
Global
	GlobalSection(SolutionConfigurationPlatforms) = preSolution
		Debug|Any CPU = Debug|Any CPU
		Release|Any CPU = Release|Any CPU
	EndGlobalSection
	GlobalSection(ProjectConfigurationPlatforms) = postSolution
		{F18696A3-F9C3-421F-A8CB-8ECB5A95DF66}.Debug|Any CPU.ActiveCfg = Debug|Any CPU
		{F18696A3-F9C3-421F-A8CB-8ECB5A95DF66}.Debug|Any CPU.Build.0 = Debug|Any CPU
		{F18696A3-F9C3-421F-A8CB-8ECB5A95DF66}.Release|Any CPU.ActiveCfg = Release|Any CPU
		{F18696A3-F9C3-421F-A8CB-8ECB5A95DF66}.Release|Any CPU.Build.0 = Release|Any CPU
	EndGlobalSection
	GlobalSection(SolutionProperties) = preSolution
		HideSolutionNode = FALSE
	EndGlobalSection
	GlobalSection(ExtensibilityGlobals) = postSolution
		SolutionGuid = {453EF4D3-3200-4EB1-A370-0133AE46A312}
	EndGlobalSection
EndGlobal
