
Microsoft Visual Studio Solution File, Format Version 12.00
# Visual Studio Version 17
VisualStudioVersion = 17.9.34728.123
MinimumVisualStudioVersion = 10.0.40219.1
Project("{FAE04EC0-301F-11D3-BF4B-00C04F79EFBC}") = "Lesson52", "Lesson52\Lesson52.csproj", "{EADBD83C-BEF9-46A0-B01E-AFFA59286311}"
EndProject
Global
	GlobalSection(SolutionConfigurationPlatforms) = preSolution
		Debug|Any CPU = Debug|Any CPU
		Release|Any CPU = Release|Any CPU
	EndGlobalSection
	GlobalSection(ProjectConfigurationPlatforms) = postSolution
		{EADBD83C-BEF9-46A0-B01E-AFFA59286311}.Debug|Any CPU.ActiveCfg = Debug|Any CPU
		{EADBD83C-BEF9-46A0-B01E-AFFA59286311}.Debug|Any CPU.Build.0 = Debug|Any CPU
		{EADBD83C-BEF9-46A0-B01E-AFFA59286311}.Release|Any CPU.ActiveCfg = Release|Any CPU
		{EADBD83C-BEF9-46A0-B01E-AFFA59286311}.Release|Any CPU.Build.0 = Release|Any CPU
	EndGlobalSection
	GlobalSection(SolutionProperties) = preSolution
		HideSolutionNode = FALSE
	EndGlobalSection
	GlobalSection(ExtensibilityGlobals) = postSolution
		SolutionGuid = {A25ECB98-2B75-4178-BDD0-7C4CF88702B2}
	EndGlobalSection
EndGlobal
