
Microsoft Visual Studio Solution File, Format Version 12.00
# Visual Studio Version 17
VisualStudioVersion = 17.9.34728.123
MinimumVisualStudioVersion = 10.0.40219.1
Project("{FAE04EC0-301F-11D3-BF4B-00C04F79EFBC}") = "Lesson83", "Lesson83\Lesson83.csproj", "{0ED42AB3-5AFC-46C3-96EB-4400B1A8E7B9}"
EndProject
Global
	GlobalSection(SolutionConfigurationPlatforms) = preSolution
		Debug|Any CPU = Debug|Any CPU
		Release|Any CPU = Release|Any CPU
	EndGlobalSection
	GlobalSection(ProjectConfigurationPlatforms) = postSolution
		{0ED42AB3-5AFC-46C3-96EB-4400B1A8E7B9}.Debug|Any CPU.ActiveCfg = Debug|Any CPU
		{0ED42AB3-5AFC-46C3-96EB-4400B1A8E7B9}.Debug|Any CPU.Build.0 = Debug|Any CPU
		{0ED42AB3-5AFC-46C3-96EB-4400B1A8E7B9}.Release|Any CPU.ActiveCfg = Release|Any CPU
		{0ED42AB3-5AFC-46C3-96EB-4400B1A8E7B9}.Release|Any CPU.Build.0 = Release|Any CPU
	EndGlobalSection
	GlobalSection(SolutionProperties) = preSolution
		HideSolutionNode = FALSE
	EndGlobalSection
	GlobalSection(ExtensibilityGlobals) = postSolution
		SolutionGuid = {5D9DEE6B-6090-47BD-B81C-7AFAD1502BDE}
	EndGlobalSection
EndGlobal
