
Microsoft Visual Studio Solution File, Format Version 12.00
# Visual Studio Version 17
VisualStudioVersion = 17.9.34728.123
MinimumVisualStudioVersion = 10.0.40219.1
Project("{FAE04EC0-301F-11D3-BF4B-00C04F79EFBC}") = "Lesson104", "Lesson104\Lesson104.csproj", "{7E136956-4C3A-4EC0-AFDD-FE8BAB0886D6}"
EndProject
Global
	GlobalSection(SolutionConfigurationPlatforms) = preSolution
		Debug|Any CPU = Debug|Any CPU
		Release|Any CPU = Release|Any CPU
	EndGlobalSection
	GlobalSection(ProjectConfigurationPlatforms) = postSolution
		{7E136956-4C3A-4EC0-AFDD-FE8BAB0886D6}.Debug|Any CPU.ActiveCfg = Debug|Any CPU
		{7E136956-4C3A-4EC0-AFDD-FE8BAB0886D6}.Debug|Any CPU.Build.0 = Debug|Any CPU
		{7E136956-4C3A-4EC0-AFDD-FE8BAB0886D6}.Release|Any CPU.ActiveCfg = Release|Any CPU
		{7E136956-4C3A-4EC0-AFDD-FE8BAB0886D6}.Release|Any CPU.Build.0 = Release|Any CPU
	EndGlobalSection
	GlobalSection(SolutionProperties) = preSolution
		HideSolutionNode = FALSE
	EndGlobalSection
	GlobalSection(ExtensibilityGlobals) = postSolution
		SolutionGuid = {1CD4B597-CF41-40C1-8BA8-38F2DC7A8AF7}
	EndGlobalSection
EndGlobal
