
Microsoft Visual Studio Solution File, Format Version 12.00
# Visual Studio Version 17
VisualStudioVersion = 17.9.34728.123
MinimumVisualStudioVersion = 10.0.40219.1
Project("{FAE04EC0-301F-11D3-BF4B-00C04F79EFBC}") = "Lesson75", "Lesson75\Lesson75.csproj", "{3F132835-2932-4CE9-B484-BEBBC8E328F9}"
EndProject
Global
	GlobalSection(SolutionConfigurationPlatforms) = preSolution
		Debug|Any CPU = Debug|Any CPU
		Release|Any CPU = Release|Any CPU
	EndGlobalSection
	GlobalSection(ProjectConfigurationPlatforms) = postSolution
		{3F132835-2932-4CE9-B484-BEBBC8E328F9}.Debug|Any CPU.ActiveCfg = Debug|Any CPU
		{3F132835-2932-4CE9-B484-BEBBC8E328F9}.Debug|Any CPU.Build.0 = Debug|Any CPU
		{3F132835-2932-4CE9-B484-BEBBC8E328F9}.Release|Any CPU.ActiveCfg = Release|Any CPU
		{3F132835-2932-4CE9-B484-BEBBC8E328F9}.Release|Any CPU.Build.0 = Release|Any CPU
	EndGlobalSection
	GlobalSection(SolutionProperties) = preSolution
		HideSolutionNode = FALSE
	EndGlobalSection
	GlobalSection(ExtensibilityGlobals) = postSolution
		SolutionGuid = {AB78030D-4A8F-45F3-B466-64634D7E7FA6}
	EndGlobalSection
EndGlobal
