
Microsoft Visual Studio Solution File, Format Version 12.00
# Visual Studio Version 17
VisualStudioVersion = 17.9.34728.123
MinimumVisualStudioVersion = 10.0.40219.1
Project("{FAE04EC0-301F-11D3-BF4B-00C04F79EFBC}") = "Lesson57", "Lesson57\Lesson57.csproj", "{CD300AC5-6866-45B5-B4A9-06DDBDD43EEB}"
EndProject
Global
	GlobalSection(SolutionConfigurationPlatforms) = preSolution
		Debug|Any CPU = Debug|Any CPU
		Release|Any CPU = Release|Any CPU
	EndGlobalSection
	GlobalSection(ProjectConfigurationPlatforms) = postSolution
		{CD300AC5-6866-45B5-B4A9-06DDBDD43EEB}.Debug|Any CPU.ActiveCfg = Debug|Any CPU
		{CD300AC5-6866-45B5-B4A9-06DDBDD43EEB}.Debug|Any CPU.Build.0 = Debug|Any CPU
		{CD300AC5-6866-45B5-B4A9-06DDBDD43EEB}.Release|Any CPU.ActiveCfg = Release|Any CPU
		{CD300AC5-6866-45B5-B4A9-06DDBDD43EEB}.Release|Any CPU.Build.0 = Release|Any CPU
	EndGlobalSection
	GlobalSection(SolutionProperties) = preSolution
		HideSolutionNode = FALSE
	EndGlobalSection
	GlobalSection(ExtensibilityGlobals) = postSolution
		SolutionGuid = {1C3008A3-2C0E-4C23-97D8-949F36D5C00C}
	EndGlobalSection
EndGlobal
