
Microsoft Visual Studio Solution File, Format Version 12.00
# Visual Studio Version 17
VisualStudioVersion = 17.9.34728.123
MinimumVisualStudioVersion = 10.0.40219.1
Project("{FAE04EC0-301F-11D3-BF4B-00C04F79EFBC}") = "Lesson85", "Lesson85\Lesson85.csproj", "{894B12A4-525A-4A43-A79C-D1F46EF3E90D}"
EndProject
Global
	GlobalSection(SolutionConfigurationPlatforms) = preSolution
		Debug|Any CPU = Debug|Any CPU
		Release|Any CPU = Release|Any CPU
	EndGlobalSection
	GlobalSection(ProjectConfigurationPlatforms) = postSolution
		{894B12A4-525A-4A43-A79C-D1F46EF3E90D}.Debug|Any CPU.ActiveCfg = Debug|Any CPU
		{894B12A4-525A-4A43-A79C-D1F46EF3E90D}.Debug|Any CPU.Build.0 = Debug|Any CPU
		{894B12A4-525A-4A43-A79C-D1F46EF3E90D}.Release|Any CPU.ActiveCfg = Release|Any CPU
		{894B12A4-525A-4A43-A79C-D1F46EF3E90D}.Release|Any CPU.Build.0 = Release|Any CPU
	EndGlobalSection
	GlobalSection(SolutionProperties) = preSolution
		HideSolutionNode = FALSE
	EndGlobalSection
	GlobalSection(ExtensibilityGlobals) = postSolution
		SolutionGuid = {2099D073-6CC6-48B8-B4B5-8FA1318DEDFD}
	EndGlobalSection
EndGlobal
