
Microsoft Visual Studio Solution File, Format Version 12.00
# Visual Studio Version 17
VisualStudioVersion = 17.9.34728.123
MinimumVisualStudioVersion = 10.0.40219.1
Project("{FAE04EC0-301F-11D3-BF4B-00C04F79EFBC}") = "Lesson73", "Lesson73\Lesson73.csproj", "{C532F1DF-6546-41C2-8881-B1EA25927045}"
EndProject
Global
	GlobalSection(SolutionConfigurationPlatforms) = preSolution
		Debug|Any CPU = Debug|Any CPU
		Release|Any CPU = Release|Any CPU
	EndGlobalSection
	GlobalSection(ProjectConfigurationPlatforms) = postSolution
		{C532F1DF-6546-41C2-8881-B1EA25927045}.Debug|Any CPU.ActiveCfg = Debug|Any CPU
		{C532F1DF-6546-41C2-8881-B1EA25927045}.Debug|Any CPU.Build.0 = Debug|Any CPU
		{C532F1DF-6546-41C2-8881-B1EA25927045}.Release|Any CPU.ActiveCfg = Release|Any CPU
		{C532F1DF-6546-41C2-8881-B1EA25927045}.Release|Any CPU.Build.0 = Release|Any CPU
	EndGlobalSection
	GlobalSection(SolutionProperties) = preSolution
		HideSolutionNode = FALSE
	EndGlobalSection
	GlobalSection(ExtensibilityGlobals) = postSolution
		SolutionGuid = {17978733-9BB4-4684-BA01-CA3A401AA742}
	EndGlobalSection
EndGlobal
