
Microsoft Visual Studio Solution File, Format Version 12.00
# Visual Studio Version 17
VisualStudioVersion = 17.9.34728.123
MinimumVisualStudioVersion = 10.0.40219.1
Project("{FAE04EC0-301F-11D3-BF4B-00C04F79EFBC}") = "Lesson66", "Lesson66\Lesson66.csproj", "{C141F5C6-6B2A-4CE0-8B82-9CD891318C80}"
EndProject
Global
	GlobalSection(SolutionConfigurationPlatforms) = preSolution
		Debug|Any CPU = Debug|Any CPU
		Release|Any CPU = Release|Any CPU
	EndGlobalSection
	GlobalSection(ProjectConfigurationPlatforms) = postSolution
		{C141F5C6-6B2A-4CE0-8B82-9CD891318C80}.Debug|Any CPU.ActiveCfg = Debug|Any CPU
		{C141F5C6-6B2A-4CE0-8B82-9CD891318C80}.Debug|Any CPU.Build.0 = Debug|Any CPU
		{C141F5C6-6B2A-4CE0-8B82-9CD891318C80}.Release|Any CPU.ActiveCfg = Release|Any CPU
		{C141F5C6-6B2A-4CE0-8B82-9CD891318C80}.Release|Any CPU.Build.0 = Release|Any CPU
	EndGlobalSection
	GlobalSection(SolutionProperties) = preSolution
		HideSolutionNode = FALSE
	EndGlobalSection
	GlobalSection(ExtensibilityGlobals) = postSolution
		SolutionGuid = {0971F831-374D-4CB9-AF83-15EB3CA8977A}
	EndGlobalSection
EndGlobal
