
Microsoft Visual Studio Solution File, Format Version 12.00
# Visual Studio Version 17
VisualStudioVersion = 17.9.34728.123
MinimumVisualStudioVersion = 10.0.40219.1
Project("{FAE04EC0-301F-11D3-BF4B-00C04F79EFBC}") = "Lesson29", "Lesson29\Lesson29.csproj", "{B14118CF-6EF0-4D43-88D8-595DB827FF92}"
EndProject
Global
	GlobalSection(SolutionConfigurationPlatforms) = preSolution
		Debug|Any CPU = Debug|Any CPU
		Release|Any CPU = Release|Any CPU
	EndGlobalSection
	GlobalSection(ProjectConfigurationPlatforms) = postSolution
		{B14118CF-6EF0-4D43-88D8-595DB827FF92}.Debug|Any CPU.ActiveCfg = Debug|Any CPU
		{B14118CF-6EF0-4D43-88D8-595DB827FF92}.Debug|Any CPU.Build.0 = Debug|Any CPU
		{B14118CF-6EF0-4D43-88D8-595DB827FF92}.Release|Any CPU.ActiveCfg = Release|Any CPU
		{B14118CF-6EF0-4D43-88D8-595DB827FF92}.Release|Any CPU.Build.0 = Release|Any CPU
	EndGlobalSection
	GlobalSection(SolutionProperties) = preSolution
		HideSolutionNode = FALSE
	EndGlobalSection
	GlobalSection(ExtensibilityGlobals) = postSolution
		SolutionGuid = {FA1BD1FC-C24C-4BF6-A805-90D6B10788BE}
	EndGlobalSection
EndGlobal
