
Microsoft Visual Studio Solution File, Format Version 12.00
# Visual Studio Version 17
VisualStudioVersion = 17.9.34728.123
MinimumVisualStudioVersion = 10.0.40219.1
Project("{FAE04EC0-301F-11D3-BF4B-00C04F79EFBC}") = "Lesson74", "Lesson74\Lesson74.csproj", "{49DE296A-FBCE-4B15-9974-0D550570B50A}"
EndProject
Global
	GlobalSection(SolutionConfigurationPlatforms) = preSolution
		Debug|Any CPU = Debug|Any CPU
		Release|Any CPU = Release|Any CPU
	EndGlobalSection
	GlobalSection(ProjectConfigurationPlatforms) = postSolution
		{49DE296A-FBCE-4B15-9974-0D550570B50A}.Debug|Any CPU.ActiveCfg = Debug|Any CPU
		{49DE296A-FBCE-4B15-9974-0D550570B50A}.Debug|Any CPU.Build.0 = Debug|Any CPU
		{49DE296A-FBCE-4B15-9974-0D550570B50A}.Release|Any CPU.ActiveCfg = Release|Any CPU
		{49DE296A-FBCE-4B15-9974-0D550570B50A}.Release|Any CPU.Build.0 = Release|Any CPU
	EndGlobalSection
	GlobalSection(SolutionProperties) = preSolution
		HideSolutionNode = FALSE
	EndGlobalSection
	GlobalSection(ExtensibilityGlobals) = postSolution
		SolutionGuid = {F4A0533F-F222-41A5-BDC5-C6D3687C8E6B}
	EndGlobalSection
EndGlobal
