
Microsoft Visual Studio Solution File, Format Version 12.00
# Visual Studio Version 17
VisualStudioVersion = 17.9.34728.123
MinimumVisualStudioVersion = 10.0.40219.1
Project("{FAE04EC0-301F-11D3-BF4B-00C04F79EFBC}") = "Lesson30", "Lesson30\Lesson30.csproj", "{5B48F204-DA97-40AF-A053-1C3561D8CDD0}"
EndProject
Global
	GlobalSection(SolutionConfigurationPlatforms) = preSolution
		Debug|Any CPU = Debug|Any CPU
		Release|Any CPU = Release|Any CPU
	EndGlobalSection
	GlobalSection(ProjectConfigurationPlatforms) = postSolution
		{5B48F204-DA97-40AF-A053-1C3561D8CDD0}.Debug|Any CPU.ActiveCfg = Debug|Any CPU
		{5B48F204-DA97-40AF-A053-1C3561D8CDD0}.Debug|Any CPU.Build.0 = Debug|Any CPU
		{5B48F204-DA97-40AF-A053-1C3561D8CDD0}.Release|Any CPU.ActiveCfg = Release|Any CPU
		{5B48F204-DA97-40AF-A053-1C3561D8CDD0}.Release|Any CPU.Build.0 = Release|Any CPU
	EndGlobalSection
	GlobalSection(SolutionProperties) = preSolution
		HideSolutionNode = FALSE
	EndGlobalSection
	GlobalSection(ExtensibilityGlobals) = postSolution
		SolutionGuid = {FEABECA6-7376-4A3A-A721-BE38BE014C50}
	EndGlobalSection
EndGlobal
