
Microsoft Visual Studio Solution File, Format Version 12.00
# Visual Studio Version 17
VisualStudioVersion = 17.9.34728.123
MinimumVisualStudioVersion = 10.0.40219.1
Project("{FAE04EC0-301F-11D3-BF4B-00C04F79EFBC}") = "Lesson76", "Lesson76\Lesson76.csproj", "{9F5F8C42-54AD-446C-9D38-27B7019A7342}"
EndProject
Global
	GlobalSection(SolutionConfigurationPlatforms) = preSolution
		Debug|Any CPU = Debug|Any CPU
		Release|Any CPU = Release|Any CPU
	EndGlobalSection
	GlobalSection(ProjectConfigurationPlatforms) = postSolution
		{9F5F8C42-54AD-446C-9D38-27B7019A7342}.Debug|Any CPU.ActiveCfg = Debug|Any CPU
		{9F5F8C42-54AD-446C-9D38-27B7019A7342}.Debug|Any CPU.Build.0 = Debug|Any CPU
		{9F5F8C42-54AD-446C-9D38-27B7019A7342}.Release|Any CPU.ActiveCfg = Release|Any CPU
		{9F5F8C42-54AD-446C-9D38-27B7019A7342}.Release|Any CPU.Build.0 = Release|Any CPU
	EndGlobalSection
	GlobalSection(SolutionProperties) = preSolution
		HideSolutionNode = FALSE
	EndGlobalSection
	GlobalSection(ExtensibilityGlobals) = postSolution
		SolutionGuid = {9990F64E-E553-42F7-A330-380899A5A7D1}
	EndGlobalSection
EndGlobal
