
Microsoft Visual Studio Solution File, Format Version 12.00
# Visual Studio Version 17
VisualStudioVersion = 17.9.34728.123
MinimumVisualStudioVersion = 10.0.40219.1
Project("{FAE04EC0-301F-11D3-BF4B-00C04F79EFBC}") = "Lesson60", "Lesson60\Lesson60.csproj", "{DF907106-63D7-411F-A482-1017B0B377B2}"
EndProject
Global
	GlobalSection(SolutionConfigurationPlatforms) = preSolution
		Debug|Any CPU = Debug|Any CPU
		Release|Any CPU = Release|Any CPU
	EndGlobalSection
	GlobalSection(ProjectConfigurationPlatforms) = postSolution
		{DF907106-63D7-411F-A482-1017B0B377B2}.Debug|Any CPU.ActiveCfg = Debug|Any CPU
		{DF907106-63D7-411F-A482-1017B0B377B2}.Debug|Any CPU.Build.0 = Debug|Any CPU
		{DF907106-63D7-411F-A482-1017B0B377B2}.Release|Any CPU.ActiveCfg = Release|Any CPU
		{DF907106-63D7-411F-A482-1017B0B377B2}.Release|Any CPU.Build.0 = Release|Any CPU
	EndGlobalSection
	GlobalSection(SolutionProperties) = preSolution
		HideSolutionNode = FALSE
	EndGlobalSection
	GlobalSection(ExtensibilityGlobals) = postSolution
		SolutionGuid = {5ED9BAD9-8DE2-416A-9D47-A8E79C2F5791}
	EndGlobalSection
EndGlobal
