
Microsoft Visual Studio Solution File, Format Version 12.00
# Visual Studio Version 17
VisualStudioVersion = 17.9.34728.123
MinimumVisualStudioVersion = 10.0.40219.1
Project("{FAE04EC0-301F-11D3-BF4B-00C04F79EFBC}") = "Lesson96", "Lesson96\Lesson96.csproj", "{5D5C7E4E-BF66-42C5-8314-A4F2C85DCDF0}"
EndProject
Global
	GlobalSection(SolutionConfigurationPlatforms) = preSolution
		Debug|Any CPU = Debug|Any CPU
		Release|Any CPU = Release|Any CPU
	EndGlobalSection
	GlobalSection(ProjectConfigurationPlatforms) = postSolution
		{5D5C7E4E-BF66-42C5-8314-A4F2C85DCDF0}.Debug|Any CPU.ActiveCfg = Debug|Any CPU
		{5D5C7E4E-BF66-42C5-8314-A4F2C85DCDF0}.Debug|Any CPU.Build.0 = Debug|Any CPU
		{5D5C7E4E-BF66-42C5-8314-A4F2C85DCDF0}.Release|Any CPU.ActiveCfg = Release|Any CPU
		{5D5C7E4E-BF66-42C5-8314-A4F2C85DCDF0}.Release|Any CPU.Build.0 = Release|Any CPU
	EndGlobalSection
	GlobalSection(SolutionProperties) = preSolution
		HideSolutionNode = FALSE
	EndGlobalSection
	GlobalSection(ExtensibilityGlobals) = postSolution
		SolutionGuid = {896B5E29-A9D7-4A14-B349-00A0C65B1D8C}
	EndGlobalSection
EndGlobal
